
Microsoft Visual Studio Solution File, Format Version 12.00
# Visual Studio Version 16
VisualStudioVersion = 16.0.31729.503
MinimumVisualStudioVersion = 10.0.40219.1
Project("{9A19103F-16F7-4668-BE54-9A1E7A4F7556}") = "UnitTest", "UnitTest.csproj", "{40D8121B-3D02-4633-B462-63D6C5C0244F}"
EndProject
Project("{9A19103F-16F7-4668-BE54-9A1E7A4F7556}") = "ApiData", "..\NetCoreApiSQL\ApiData\ApiData.csproj", "{09A1E78C-CE2D-4C6B-B6AD-2A265236DF5B}"
EndProject
Project("{9A19103F-16F7-4668-BE54-9A1E7A4F7556}") = "ApiModel", "..\NetCoreApiSQL\ApiModel\ApiModel.csproj", "{341BB8A6-AB3F-41A4-B379-820A821181F7}"
EndProject
Project("{9A19103F-16F7-4668-BE54-9A1E7A4F7556}") = "NetCoreApiSQL", "..\NetCoreApiSQL\NetCoreApiSQL\NetCoreApiSQL.csproj", "{CB4C2E2E-CE91-4183-996B-8665756B37B6}"
EndProject
Global
	GlobalSection(SolutionConfigurationPlatforms) = preSolution
		Debug|Any CPU = Debug|Any CPU
		Release|Any CPU = Release|Any CPU
	EndGlobalSection
	GlobalSection(ProjectConfigurationPlatforms) = postSolution
		{40D8121B-3D02-4633-B462-63D6C5C0244F}.Debug|Any CPU.ActiveCfg = Debug|Any CPU
		{40D8121B-3D02-4633-B462-63D6C5C0244F}.Debug|Any CPU.Build.0 = Debug|Any CPU
		{40D8121B-3D02-4633-B462-63D6C5C0244F}.Release|Any CPU.ActiveCfg = Release|Any CPU
		{40D8121B-3D02-4633-B462-63D6C5C0244F}.Release|Any CPU.Build.0 = Release|Any CPU
		{09A1E78C-CE2D-4C6B-B6AD-2A265236DF5B}.Debug|Any CPU.ActiveCfg = Debug|Any CPU
		{09A1E78C-CE2D-4C6B-B6AD-2A265236DF5B}.Debug|Any CPU.Build.0 = Debug|Any CPU
		{09A1E78C-CE2D-4C6B-B6AD-2A265236DF5B}.Release|Any CPU.ActiveCfg = Release|Any CPU
		{09A1E78C-CE2D-4C6B-B6AD-2A265236DF5B}.Release|Any CPU.Build.0 = Release|Any CPU
		{341BB8A6-AB3F-41A4-B379-820A821181F7}.Debug|Any CPU.ActiveCfg = Debug|Any CPU
		{341BB8A6-AB3F-41A4-B379-820A821181F7}.Debug|Any CPU.Build.0 = Debug|Any CPU
		{341BB8A6-AB3F-41A4-B379-820A821181F7}.Release|Any CPU.ActiveCfg = Release|Any CPU
		{341BB8A6-AB3F-41A4-B379-820A821181F7}.Release|Any CPU.Build.0 = Release|Any CPU
		{CB4C2E2E-CE91-4183-996B-8665756B37B6}.Debug|Any CPU.ActiveCfg = Debug|Any CPU
		{CB4C2E2E-CE91-4183-996B-8665756B37B6}.Debug|Any CPU.Build.0 = Debug|Any CPU
		{CB4C2E2E-CE91-4183-996B-8665756B37B6}.Release|Any CPU.ActiveCfg = Release|Any CPU
		{CB4C2E2E-CE91-4183-996B-8665756B37B6}.Release|Any CPU.Build.0 = Release|Any CPU
	EndGlobalSection
	GlobalSection(SolutionProperties) = preSolution
		HideSolutionNode = FALSE
	EndGlobalSection
	GlobalSection(ExtensibilityGlobals) = postSolution
		SolutionGuid = {AA5CE48D-FBC5-48B5-9B91-40156AD38DE7}
	EndGlobalSection
EndGlobal
